
Microsoft Visual Studio Solution File, Format Version 12.00
# Visual Studio Version 16
VisualStudioVersion = 16.0.30804.86
MinimumVisualStudioVersion = 10.0.40219.1
Project("{FAE04EC0-301F-11D3-BF4B-00C04F79EFBC}") = "AulaTimeSpan", "AulaTimeSpan\AulaTimeSpan.csproj", "{7D8D2CC8-5EB8-4D59-A635-F8426C7F6BE0}"
EndProject
Global
	GlobalSection(SolutionConfigurationPlatforms) = preSolution
		Debug|Any CPU = Debug|Any CPU
		Release|Any CPU = Release|Any CPU
	EndGlobalSection
	GlobalSection(ProjectConfigurationPlatforms) = postSolution
		{7D8D2CC8-5EB8-4D59-A635-F8426C7F6BE0}.Debug|Any CPU.ActiveCfg = Debug|Any CPU
		{7D8D2CC8-5EB8-4D59-A635-F8426C7F6BE0}.Debug|Any CPU.Build.0 = Debug|Any CPU
		{7D8D2CC8-5EB8-4D59-A635-F8426C7F6BE0}.Release|Any CPU.ActiveCfg = Release|Any CPU
		{7D8D2CC8-5EB8-4D59-A635-F8426C7F6BE0}.Release|Any CPU.Build.0 = Release|Any CPU
	EndGlobalSection
	GlobalSection(SolutionProperties) = preSolution
		HideSolutionNode = FALSE
	EndGlobalSection
	GlobalSection(ExtensibilityGlobals) = postSolution
		SolutionGuid = {A62D4678-7672-41F8-B0C6-8261AF758A6B}
	EndGlobalSection
EndGlobal
