
Microsoft Visual Studio Solution File, Format Version 12.00
# Visual Studio Version 16
VisualStudioVersion = 16.0.30503.244
MinimumVisualStudioVersion = 10.0.40219.1
Project("{FAE04EC0-301F-11D3-BF4B-00C04F79EFBC}") = "DateTime", "DateTime\DateTime.csproj", "{A86133D3-6DB8-4B49-8F7E-01215065DB43}"
EndProject
Global
	GlobalSection(SolutionConfigurationPlatforms) = preSolution
		Debug|Any CPU = Debug|Any CPU
		Release|Any CPU = Release|Any CPU
	EndGlobalSection
	GlobalSection(ProjectConfigurationPlatforms) = postSolution
		{A86133D3-6DB8-4B49-8F7E-01215065DB43}.Debug|Any CPU.ActiveCfg = Debug|Any CPU
		{A86133D3-6DB8-4B49-8F7E-01215065DB43}.Debug|Any CPU.Build.0 = Debug|Any CPU
		{A86133D3-6DB8-4B49-8F7E-01215065DB43}.Release|Any CPU.ActiveCfg = Release|Any CPU
		{A86133D3-6DB8-4B49-8F7E-01215065DB43}.Release|Any CPU.Build.0 = Release|Any CPU
	EndGlobalSection
	GlobalSection(SolutionProperties) = preSolution
		HideSolutionNode = FALSE
	EndGlobalSection
	GlobalSection(ExtensibilityGlobals) = postSolution
		SolutionGuid = {1B320E1D-B273-4532-84F4-189E71024AD1}
	EndGlobalSection
EndGlobal
